
Microsoft Visual Studio Solution File, Format Version 12.00
# Visual Studio Version 17
VisualStudioVersion = 17.6.33723.286
MinimumVisualStudioVersion = 10.0.40219.1
Project("{FAE04EC0-301F-11D3-BF4B-00C04F79EFBC}") = "LanguageStudy", "LanguageStudy\LanguageStudy.csproj", "{6978AAE5-6508-48EA-ADE0-BEEB035EE60B}"
EndProject
Global
	GlobalSection(SolutionConfigurationPlatforms) = preSolution
		Debug|Any CPU = Debug|Any CPU
		Release|Any CPU = Release|Any CPU
	EndGlobalSection
	GlobalSection(ProjectConfigurationPlatforms) = postSolution
		{6978AAE5-6508-48EA-ADE0-BEEB035EE60B}.Debug|Any CPU.ActiveCfg = Debug|Any CPU
		{6978AAE5-6508-48EA-ADE0-BEEB035EE60B}.Debug|Any CPU.Build.0 = Debug|Any CPU
		{6978AAE5-6508-48EA-ADE0-BEEB035EE60B}.Release|Any CPU.ActiveCfg = Release|Any CPU
		{6978AAE5-6508-48EA-ADE0-BEEB035EE60B}.Release|Any CPU.Build.0 = Release|Any CPU
	EndGlobalSection
	GlobalSection(SolutionProperties) = preSolution
		HideSolutionNode = FALSE
	EndGlobalSection
	GlobalSection(ExtensibilityGlobals) = postSolution
		SolutionGuid = {02077A33-FCC3-4505-AF41-35B0B5DCB17C}
	EndGlobalSection
EndGlobal
